// !$*UTF8*$!
{
	archiveVersion = 1;
	classes = {
	};
	objectVersion = 55;
	objects = {

/* Begin PBXBuildFile section */
		2F88595827CA2F2500C16949 /* AppDelegate.swift in Sources */ = {isa = PBXBuildFile; fileRef = 2F88595727CA2F2500C16949 /* AppDelegate.swift */; };
		2F88595A27CA2F2500C16949 /* SceneDelegate.swift in Sources */ = {isa = PBXBuildFile; fileRef = 2F88595927CA2F2500C16949 /* SceneDelegate.swift */; };
		2F88595C27CA2F2500C16949 /* ViewController.swift in Sources */ = {isa = PBXBuildFile; fileRef = 2F88595B27CA2F2500C16949 /* ViewController.swift */; };
		2F88595F27CA2F2500C16949 /* Main.storyboard in Resources */ = {isa = PBXBuildFile; fileRef = 2F88595D27CA2F2500C16949 /* Main.storyboard */; };
		2F88596127CA2F2700C16949 /* Assets.xcassets in Resources */ = {isa = PBXBuildFile; fileRef = 2F88596027CA2F2700C16949 /* Assets.xcassets */; };
		2F88596427CA2F2700C16949 /* LaunchScreen.storyboard in Resources */ = {isa = PBXBuildFile; fileRef = 2F88596227CA2F2700C16949 /* LaunchScreen.storyboard */; };
		2F88596C27CA630B00C16949 /* BLEController.swift in Sources */ = {isa = PBXBuildFile; fileRef = 2F88596B27CA630B00C16949 /* BLEController.swift */; };
/* End PBXBuildFile section */

/* Begin PBXFileReference section */
		2F88595427CA2F2500C16949 /* ble_Camera.app */ = {isa = PBXFileReference; explicitFileType = wrapper.application; includeInIndex = 0; path = ble_Camera.app; sourceTree = BUILT_PRODUCTS_DIR; };
		2F88595727CA2F2500C16949 /* AppDelegate.swift */ = {isa = PBXFileReference; lastKnownFileType = sourcecode.swift; path = AppDelegate.swift; sourceTree = "<group>"; };
		2F88595927CA2F2500C16949 /* SceneDelegate.swift */ = {isa = PBXFileReference; lastKnownFileType = sourcecode.swift; path = SceneDelegate.swift; sourceTree = "<group>"; };
		2F88595B27CA2F2500C16949 /* ViewController.swift */ = {isa = PBXFileReference; lastKnownFileType = sourcecode.swift; path = ViewController.swift; sourceTree = "<group>"; };
		2F88595E27CA2F2500C16949 /* Base */ = {isa = PBXFileReference; lastKnownFileType = file.storyboard; name = Base; path = Base.lproj/Main.storyboard; sourceTree = "<group>"; };
		2F88596027CA2F2700C16949 /* Assets.xcassets */ = {isa = PBXFileReference; lastKnownFileType = folder.assetcatalog; path = Assets.xcassets; sourceTree = "<group>"; };
		2F88596327CA2F2700C16949 /* Base */ = {isa = PBXFileReference; lastKnownFileType = file.storyboard; name = Base; path = Base.lproj/LaunchScreen.storyboard; sourceTree = "<group>"; };
		2F88596527CA2F2700C16949 /* Info.plist */ = {isa = PBXFileReference; lastKnownFileType = text.plist.xml; path = Info.plist; sourceTree = "<group>"; };
		2F88596B27CA630B00C16949 /* BLEController.swift */ = {isa = PBXFileReference; lastKnownFileType = sourcecode.swift; path = BLEController.swift; sourceTree = "<group>"; };
/* End PBXFileReference section */

/* Begin PBXFrameworksBuildPhase section */
		2F88595127CA2F2500C16949 /* Frameworks */ = {
			isa = PBXFrameworksBuildPhase;
			buildActionMask = 2147483647;
			files = (
			);
			runOnlyForDeploymentPostprocessing = 0;
		};
/* End PBXFrameworksBuildPhase section */

/* Begin PBXGroup section */
		2F88594B27CA2F2500C16949 = {
			isa = PBXGroup;
			children = (
				2F88595627CA2F2500C16949 /* ble_Camera */,
				2F88595527CA2F2500C16949 /* Products */,
			);
			sourceTree = "<group>";
		};
		2F88595527CA2F2500C16949 /* Products */ = {
			isa = PBXGroup;
			children = (
				2F88595427CA2F2500C16949 /* ble_Camera.app */,
			);
			name = Products;
			sourceTree = "<group>";
		};
		2F88595627CA2F2500C16949 /* ble_Camera */ = {
			isa = PBXGroup;
			children = (
				2F88595727CA2F2500C16949 /* AppDelegate.swift */,
				2F88595927CA2F2500C16949 /* SceneDelegate.swift */,
				2F88595B27CA2F2500C16949 /* ViewController.swift */,
				2F88596B27CA630B00C16949 /* BLEController.swift */,
				2F88595D27CA2F2500C16949 /* Main.storyboard */,
				2F88596027CA2F2700C16949 /* Assets.xcassets */,
				2F88596227CA2F2700C16949 /* LaunchScreen.storyboard */,
				2F88596527CA2F2700C16949 /* Info.plist */,
			);
			path = ble_Camera;
			sourceTree = "<group>";
		};
/* End PBXGroup section */

/* Begin PBXNativeTarget section */
		2F88595327CA2F2500C16949 /* ble_Camera */ = {
			isa = PBXNativeTarget;
			buildConfigurationList = 2F88596827CA2F2700C16949 /* Build configuration list for PBXNativeTarget "ble_Camera" */;
			buildPhases = (
				2F88595027CA2F2500C16949 /* Sources */,
				2F88595127CA2F2500C16949 /* Frameworks */,
				2F88595227CA2F2500C16949 /* Resources */,
			);
			buildRules = (
			);
			dependencies = (
			);
			name = ble_Camera;
			productName = ble_Camera;
			productReference = 2F88595427CA2F2500C16949 /* ble_Camera.app */;
			productType = "com.apple.product-type.application";
		};
/* End PBXNativeTarget section */

/* Begin PBXProject section */
		2F88594C27CA2F2500C16949 /* Project object */ = {
			isa = PBXProject;
			attributes = {
				BuildIndependentTargetsInParallel = 1;
				LastSwiftUpdateCheck = 1320;
				LastUpgradeCheck = 1320;
				TargetAttributes = {
					2F88595327CA2F2500C16949 = {
						CreatedOnToolsVersion = 13.2.1;
					};
				};
			};
			buildConfigurationList = 2F88594F27CA2F2500C16949 /* Build configuration list for PBXProject "blowCamera" */;
			compatibilityVersion = "Xcode 13.0";
			developmentRegion = en;
			hasScannedForEncodings = 0;
			knownRegions = (
				en,
				Base,
			);
			mainGroup = 2F88594B27CA2F2500C16949;
			productRefGroup = 2F88595527CA2F2500C16949 /* Products */;
			projectDirPath = "";
			projectRoot = "";
			targets = (
				2F88595327CA2F2500C16949 /* ble_Camera */,
			);
		};
/* End PBXProject section */

/* Begin PBXResourcesBuildPhase section */
		2F88595227CA2F2500C16949 /* Resources */ = {
			isa = PBXResourcesBuildPhase;
			buildActionMask = 2147483647;
			files = (
				2F88596427CA2F2700C16949 /* LaunchScreen.storyboard in Resources */,
				2F88596127CA2F2700C16949 /* Assets.xcassets in Resources */,
				2F88595F27CA2F2500C16949 /* Main.storyboard in Resources */,
			);
			runOnlyForDeploymentPostprocessing = 0;
		};
/* End PBXResourcesBuildPhase section */

/* Begin PBXSourcesBuildPhase section */
		2F88595027CA2F2500C16949 /* Sources */ = {
			isa = PBXSourcesBuildPhase;
			buildActionMask = 2147483647;
			files = (
				2F88595C27CA2F2500C16949 /* ViewController.swift in Sources */,
				2F88596C27CA630B00C16949 /* BLEController.swift in Sources */,
				2F88595827CA2F2500C16949 /* AppDelegate.swift in Sources */,
				2F88595A27CA2F2500C16949 /* SceneDelegate.swift in Sources */,
			);
			runOnlyForDeploymentPostprocessing = 0;
		};
/* End PBXSourcesBuildPhase section */

/* Begin PBXVariantGroup section */
		2F88595D27CA2F2500C16949 /* Main.storyboard */ = {
			isa = PBXVariantGroup;
			children = (
				2F88595E27CA2F2500C16949 /* Base */,
			);
			name = Main.storyboard;
			sourceTree = "<group>";
		};
		2F88596227CA2F2700C16949 /* LaunchScreen.storyboard */ = {
			isa = PBXVariantGroup;
			children = (
				2F88596327CA2F2700C16949 /* Base */,
			);
			name = LaunchScreen.storyboard;
			sourceTree = "<group>";
		};
/* End PBXVariantGroup section */

/* Begin XCBuildConfiguration section */
		2F88596627CA2F2700C16949 /* Debug */ = {
			isa = XCBuildConfiguration;
			buildSettings = {
				ALWAYS_SEARCH_USER_PATHS = NO;
				CLANG_ANALYZER_NONNULL = YES;
				CLANG_ANALYZER_NUMBER_OBJECT_CONVERSION = YES_AGGRESSIVE;
				CLANG_CXX_LANGUAGE_STANDARD = "gnu++17";
				CLANG_CXX_LIBRARY = "libc++";
				CLANG_ENABLE_MODULES = YES;
				CLANG_ENABLE_OBJC_ARC = YES;
				CLANG_ENABLE_OBJC_WEAK = YES;
				CLANG_WARN_BLOCK_CAPTURE_AUTORELEASING = YES;
				CLANG_WARN_BOOL_CONVERSION = YES;
				CLANG_WARN_COMMA = YES;
				CLANG_WARN_CONSTANT_CONVERSION = YES;
				CLANG_WARN_DEPRECATED_OBJC_IMPLEMENTATIONS = YES;
				CLANG_WARN_DIRECT_OBJC_ISA_USAGE = YES_ERROR;
				CLANG_WARN_DOCUMENTATION_COMMENTS = YES;
				CLANG_WARN_EMPTY_BODY = YES;
				CLANG_WARN_ENUM_CONVERSION = YES;
				CLANG_WARN_INFINITE_RECURSION = YES;
				CLANG_WARN_INT_CONVERSION = YES;
				CLANG_WARN_NON_LITERAL_NULL_CONVERSION = YES;
				CLANG_WARN_OBJC_IMPLICIT_RETAIN_SELF = YES;
				CLANG_WARN_OBJC_LITERAL_CONVERSION = YES;
				CLANG_WARN_OBJC_ROOT_CLASS = YES_ERROR;
				CLANG_WARN_QUOTED_INCLUDE_IN_FRAMEWORK_HEADER = YES;
				CLANG_WARN_RANGE_LOOP_ANALYSIS = YES;
				CLANG_WARN_STRICT_PROTOTYPES = YES;
				CLANG_WARN_SUSPICIOUS_MOVE = YES;
				CLANG_WARN_UNGUARDED_AVAILABILITY = YES_AGGRESSIVE;
				CLANG_WARN_UNREACHABLE_CODE = YES;
				CLANG_WARN__DUPLICATE_METHOD_MATCH = YES;
				COPY_PHASE_STRIP = NO;
				DEBUG_INFORMATION_FORMAT = dwarf;
				ENABLE_STRICT_OBJC_MSGSEND = YES;
				ENABLE_TESTABILITY = YES;
				GCC_C_LANGUAGE_STANDARD = gnu11;
				GCC_DYNAMIC_NO_PIC = NO;
				GCC_NO_COMMON_BLOCKS = YES;
				GCC_OPTIMIZATION_LEVEL = 0;
				GCC_PREPROCESSOR_DEFINITIONS = (
					"DEBUG=1",
					"$(inherited)",
				);
				GCC_WARN_64_TO_32_BIT_CONVERSION = YES;
				GCC_WARN_ABOUT_RETURN_TYPE = YES_ERROR;
				GCC_WARN_UNDECLARED_SELECTOR = YES;
				GCC_WARN_UNINITIALIZED_AUTOS = YES_AGGRESSIVE;
				GCC_WARN_UNUSED_FUNCTION = YES;
				GCC_WARN_UNUSED_VARIABLE = YES;
				IPHONEOS_DEPLOYMENT_TARGET = 15.2;
				MTL_ENABLE_DEBUG_INFO = INCLUDE_SOURCE;
				MTL_FAST_MATH = YES;
				ONLY_ACTIVE_ARCH = YES;
				SDKROOT = iphoneos;
				SWIFT_ACTIVE_COMPILATION_CONDITIONS = DEBUG;
				SWIFT_OPTIMIZATION_LEVEL = "-Onone";
			};
			name = Debug;
		};
		2F88596727CA2F2700C16949 /* Release */ = {
			isa = XCBuildConfiguration;
			buildSettings = {
				ALWAYS_SEARCH_USER_PATHS = NO;
				CLANG_ANALYZER_NONNULL = YES;
				CLANG_ANALYZER_NUMBER_OBJECT_CONVERSION = YES_AGGRESSIVE;
				CLANG_CXX_LANGUAGE_STANDARD = "gnu++17";
				CLANG_CXX_LIBRARY = "libc++";
				CLANG_ENABLE_MODULES = YES;
				CLANG_ENABLE_OBJC_ARC = YES;
				CLANG_ENABLE_OBJC_WEAK = YES;
				CLANG_WARN_BLOCK_CAPTURE_AUTORELEASING = YES;
				CLANG_WARN_BOOL_CONVERSION = YES;
				CLANG_WARN_COMMA = YES;
				CLANG_WARN_CONSTANT_CONVERSION = YES;
				CLANG_WARN_DEPRECATED_OBJC_IMPLEMENTATIONS = YES;
				CLANG_WARN_DIRECT_OBJC_ISA_USAGE = YES_ERROR;
				CLANG_WARN_DOCUMENTATION_COMMENTS = YES;
				CLANG_WARN_EMPTY_BODY = YES;
				CLANG_WARN_ENUM_CONVERSION = YES;
				CLANG_WARN_INFINITE_RECURSION = YES;
				CLANG_WARN_INT_CONVERSION = YES;
				CLANG_WARN_NON_LITERAL_NULL_CONVERSION = YES;
				CLANG_WARN_OBJC_IMPLICIT_RETAIN_SELF = YES;
				CLANG_WARN_OBJC_LITERAL_CONVERSION = YES;
				CLANG_WARN_OBJC_ROOT_CLASS = YES_ERROR;
				CLANG_WARN_QUOTED_INCLUDE_IN_FRAMEWORK_HEADER = YES;
				CLANG_WARN_RANGE_LOOP_ANALYSIS = YES;
				CLANG_WARN_STRICT_PROTOTYPES = YES;
				CLANG_WARN_SUSPICIOUS_MOVE = YES;
				CLANG_WARN_UNGUARDED_AVAILABILITY = YES_AGGRESSIVE;
				CLANG_WARN_UNREACHABLE_CODE = YES;
				CLANG_WARN__DUPLICATE_METHOD_MATCH = YES;
				COPY_PHASE_STRIP = NO;
				DEBUG_INFORMATION_FORMAT = "dwarf-with-dsym";
				ENABLE_NS_ASSERTIONS = NO;
				ENABLE_STRICT_OBJC_MSGSEND = YES;
				GCC_C_LANGUAGE_STANDARD = gnu11;
				GCC_NO_COMMON_BLOCKS = YES;
				GCC_WARN_64_TO_32_BIT_CONVERSION = YES;
				GCC_WARN_ABOUT_RETURN_TYPE = YES_ERROR;
				GCC_WARN_UNDECLARED_SELECTOR = YES;
				GCC_WARN_UNINITIALIZED_AUTOS = YES_AGGRESSIVE;
				GCC_WARN_UNUSED_FUNCTION = YES;
				GCC_WARN_UNUSED_VARIABLE = YES;
				IPHONEOS_DEPLOYMENT_TARGET = 15.2;
				MTL_ENABLE_DEBUG_INFO = NO;
				MTL_FAST_MATH = YES;
				SDKROOT = iphoneos;
				SWIFT_COMPILATION_MODE = wholemodule;
				SWIFT_OPTIMIZATION_LEVEL = "-O";
				VALIDATE_PRODUCT = YES;
			};
			name = Release;
		};
		2F88596927CA2F2700C16949 /* Debug */ = {
			isa = XCBuildConfiguration;
			buildSettings = {
				ASSETCATALOG_COMPILER_APPICON_NAME = AppIcon;
				ASSETCATALOG_COMPILER_GLOBAL_ACCENT_COLOR_NAME = AccentColor;
				CODE_SIGN_STYLE = Automatic;
				CURRENT_PROJECT_VERSION = 1;
				DEVELOPMENT_TEAM = 4NY9EY68HK;
				GENERATE_INFOPLIST_FILE = YES;
				INFOPLIST_FILE = ble_Camera/Info.plist;
				INFOPLIST_KEY_CFBundleDisplayName = blowCamera;
				INFOPLIST_KEY_NSBluetoothAlwaysUsageDescription = "use bluetooth always";
				INFOPLIST_KEY_NSBluetoothPeripheralUsageDescription = "use bluetooth";
				INFOPLIST_KEY_NSCameraUsageDescription = "use camera pls";
				INFOPLIST_KEY_NSPhotoLibraryUsageDescription = "access your photo album";
				INFOPLIST_KEY_UIApplicationSupportsIndirectInputEvents = YES;
				INFOPLIST_KEY_UILaunchStoryboardName = LaunchScreen;
				INFOPLIST_KEY_UIMainStoryboardFile = Main;
				INFOPLIST_KEY_UISupportedInterfaceOrientations_iPad = "UIInterfaceOrientationPortrait UIInterfaceOrientationPortraitUpsideDown UIInterfaceOrientationLandscapeLeft UIInterfaceOrientationLandscapeRight";
				INFOPLIST_KEY_UISupportedInterfaceOrientations_iPhone = "UIInterfaceOrientationPortrait UIInterfaceOrientationLandscapeLeft UIInterfaceOrientationLandscapeRight";
				LD_RUNPATH_SEARCH_PATHS = (
					"$(inherited)",
					"@executable_path/Frameworks",
				);
				MARKETING_VERSION = 1.0;
				PRODUCT_BUNDLE_IDENTIFIER = com.sprinkle.blowCamera;
				PRODUCT_NAME = "$(TARGET_NAME)";
				SWIFT_EMIT_LOC_STRINGS = YES;
				SWIFT_VERSION = 5.0;
				TARGETED_DEVICE_FAMILY = "1,2";
			};
			name = Debug;
		};
		2F88596A27CA2F2700C16949 /* Release */ = {
			isa = XCBuildConfiguration;
			buildSettings = {
				ASSETCATALOG_COMPILER_APPICON_NAME = AppIcon;
				ASSETCATALOG_COMPILER_GLOBAL_ACCENT_COLOR_NAME = AccentColor;
				CODE_SIGN_STYLE = Automatic;
				CURRENT_PROJECT_VERSION = 1;
				DEVELOPMENT_TEAM = 4NY9EY68HK;
				GENERATE_INFOPLIST_FILE = YES;
				INFOPLIST_FILE = ble_Camera/Info.plist;
				INFOPLIST_KEY_CFBundleDisplayName = blowCamera;
				INFOPLIST_KEY_NSBluetoothAlwaysUsageDescription = "use bluetooth always";
				INFOPLIST_KEY_NSBluetoothPeripheralUsageDescription = "use bluetooth";
				INFOPLIST_KEY_NSCameraUsageDescription = "use camera pls";
				INFOPLIST_KEY_NSPhotoLibraryUsageDescription = "access your photo album";
				INFOPLIST_KEY_UIApplicationSupportsIndirectInputEvents = YES;
				INFOPLIST_KEY_UILaunchStoryboardName = LaunchScreen;
				INFOPLIST_KEY_UIMainStoryboardFile = Main;
				INFOPLIST_KEY_UISupportedInterfaceOrientations_iPad = "UIInterfaceOrientationPortrait UIInterfaceOrientationPortraitUpsideDown UIInterfaceOrientationLandscapeLeft UIInterfaceOrientationLandscapeRight";
				INFOPLIST_KEY_UISupportedInterfaceOrientations_iPhone = "UIInterfaceOrientationPortrait UIInterfaceOrientationLandscapeLeft UIInterfaceOrientationLandscapeRight";
				LD_RUNPATH_SEARCH_PATHS = (
					"$(inherited)",
					"@executable_path/Frameworks",
				);
				MARKETING_VERSION = 1.0;
				PRODUCT_BUNDLE_IDENTIFIER = com.sprinkle.blowCamera;
				PRODUCT_NAME = "$(TARGET_NAME)";
				SWIFT_EMIT_LOC_STRINGS = YES;
				SWIFT_VERSION = 5.0;
				TARGETED_DEVICE_FAMILY = "1,2";
			};
			name = Release;
		};
/* End XCBuildConfiguration section */

/* Begin XCConfigurationList section */
		2F88594F27CA2F2500C16949 /* Build configuration list for PBXProject "blowCamera" */ = {
			isa = XCConfigurationList;
			buildConfigurations = (
				2F88596627CA2F2700C16949 /* Debug */,
				2F88596727CA2F2700C16949 /* Release */,
			);
			defaultConfigurationIsVisible = 0;
			defaultConfigurationName = Release;
		};
		2F88596827CA2F2700C16949 /* Build configuration list for PBXNativeTarget "ble_Camera" */ = {
			isa = XCConfigurationList;
			buildConfigurations = (
				2F88596927CA2F2700C16949 /* Debug */,
				2F88596A27CA2F2700C16949 /* Release */,
			);
			defaultConfigurationIsVisible = 0;
			defaultConfigurationName = Release;
		};
/* End XCConfigurationList section */
	};
	rootObject = 2F88594C27CA2F2500C16949 /* Project object */;
}
